
Microsoft Visual Studio Solution File, Format Version 11.00
# Visual Studio 2010
Project("{2150E333-8FDC-42A3-9474-1A3956D46DE8}") = "ClassLibraries.Common", "ClassLibraries.Common", "{A9332BDB-3BB1-478A-BDBC-E274A547874C}"
EndProject
Project("{2150E333-8FDC-42A3-9474-1A3956D46DE8}") = "ClassLibraries.External", "ClassLibraries.External", "{D3DE618F-8FC0-4D6B-AB92-747DBE8E108E}"
EndProject
Project("{FAE04EC0-301F-11D3-BF4B-00C04F79EFBC}") = "MainEntity", "MainEntity\MainEntity.csproj", "{CE42704D-20FE-4EF6-84B5-CE5D2327A6F0}"
EndProject
Project("{FAE04EC0-301F-11D3-BF4B-00C04F79EFBC}") = "BLToolkit4_0", "..\ClassLibraries.External\BLToolkit4_0\BLToolkit4_0.csproj", "{E0E29000-7DF2-43E8-9894-6D99357456DF}"
EndProject
Project("{FAE04EC0-301F-11D3-BF4B-00C04F79EFBC}") = "MainCommon", "..\ClassLibraries.Common\MainCommon\MainCommon.csproj", "{9CEE880D-119B-4C7E-BDD6-CF542748356B}"
EndProject
Global
	GlobalSection(TeamFoundationVersionControl) = preSolution
		SccNumberOfProjects = 4
		SccEnterpriseProvider = {4CA58AB2-18FA-4F8D-95D4-32DDF27D184C}
		SccTeamFoundationServer = http://ts:8080/tfs/othercollection
		SccLocalPath0 = .
		SccProjectUniqueName1 = MainEntity\\MainEntity.csproj
		SccProjectName1 = MainEntity
		SccLocalPath1 = MainEntity
		SccProjectUniqueName2 = ..\\ClassLibraries.External\\BLToolkit4_0\\BLToolkit4_0.csproj
		SccProjectTopLevelParentUniqueName2 = ClassLibraries.DB.sln
		SccProjectName2 = ../ClassLibraries.External/BLToolkit4_0
		SccLocalPath2 = ..\\ClassLibraries.External\\BLToolkit4_0
		SccProjectUniqueName3 = ..\\ClassLibraries.Common\\MainCommon\\MainCommon.csproj
		SccProjectTopLevelParentUniqueName3 = ClassLibraries.DB.sln
		SccProjectName3 = ../ClassLibraries.Common/MainCommon
		SccLocalPath3 = ..\\ClassLibraries.Common\\MainCommon
	EndGlobalSection
	GlobalSection(SolutionConfigurationPlatforms) = preSolution
		Debug|Any CPU = Debug|Any CPU
		Debug|Mixed Platforms = Debug|Mixed Platforms
		Debug|x86 = Debug|x86
		Release|Any CPU = Release|Any CPU
		Release|Mixed Platforms = Release|Mixed Platforms
		Release|x86 = Release|x86
	EndGlobalSection
	GlobalSection(ProjectConfigurationPlatforms) = postSolution
		{CE42704D-20FE-4EF6-84B5-CE5D2327A6F0}.Debug|Any CPU.ActiveCfg = Debug|Any CPU
		{CE42704D-20FE-4EF6-84B5-CE5D2327A6F0}.Debug|Any CPU.Build.0 = Debug|Any CPU
		{CE42704D-20FE-4EF6-84B5-CE5D2327A6F0}.Debug|Mixed Platforms.ActiveCfg = Debug|Any CPU
		{CE42704D-20FE-4EF6-84B5-CE5D2327A6F0}.Debug|Mixed Platforms.Build.0 = Debug|Any CPU
		{CE42704D-20FE-4EF6-84B5-CE5D2327A6F0}.Debug|x86.ActiveCfg = Debug|Any CPU
		{CE42704D-20FE-4EF6-84B5-CE5D2327A6F0}.Release|Any CPU.ActiveCfg = Release|Any CPU
		{CE42704D-20FE-4EF6-84B5-CE5D2327A6F0}.Release|Any CPU.Build.0 = Release|Any CPU
		{CE42704D-20FE-4EF6-84B5-CE5D2327A6F0}.Release|Mixed Platforms.ActiveCfg = Release|Any CPU
		{CE42704D-20FE-4EF6-84B5-CE5D2327A6F0}.Release|Mixed Platforms.Build.0 = Release|Any CPU
		{CE42704D-20FE-4EF6-84B5-CE5D2327A6F0}.Release|x86.ActiveCfg = Release|Any CPU
		{E0E29000-7DF2-43E8-9894-6D99357456DF}.Debug|Any CPU.ActiveCfg = Debug|x86
		{E0E29000-7DF2-43E8-9894-6D99357456DF}.Debug|Mixed Platforms.ActiveCfg = Debug|x86
		{E0E29000-7DF2-43E8-9894-6D99357456DF}.Debug|Mixed Platforms.Build.0 = Debug|x86
		{E0E29000-7DF2-43E8-9894-6D99357456DF}.Debug|x86.ActiveCfg = Debug|x86
		{E0E29000-7DF2-43E8-9894-6D99357456DF}.Debug|x86.Build.0 = Debug|x86
		{E0E29000-7DF2-43E8-9894-6D99357456DF}.Release|Any CPU.ActiveCfg = Release|x86
		{E0E29000-7DF2-43E8-9894-6D99357456DF}.Release|Mixed Platforms.ActiveCfg = Release|x86
		{E0E29000-7DF2-43E8-9894-6D99357456DF}.Release|Mixed Platforms.Build.0 = Release|x86
		{E0E29000-7DF2-43E8-9894-6D99357456DF}.Release|x86.ActiveCfg = Release|x86
		{E0E29000-7DF2-43E8-9894-6D99357456DF}.Release|x86.Build.0 = Release|x86
		{9CEE880D-119B-4C7E-BDD6-CF542748356B}.Debug|Any CPU.ActiveCfg = Debug|Any CPU
		{9CEE880D-119B-4C7E-BDD6-CF542748356B}.Debug|Any CPU.Build.0 = Debug|Any CPU
		{9CEE880D-119B-4C7E-BDD6-CF542748356B}.Debug|Mixed Platforms.ActiveCfg = Debug|Any CPU
		{9CEE880D-119B-4C7E-BDD6-CF542748356B}.Debug|Mixed Platforms.Build.0 = Debug|Any CPU
		{9CEE880D-119B-4C7E-BDD6-CF542748356B}.Debug|x86.ActiveCfg = Debug|Any CPU
		{9CEE880D-119B-4C7E-BDD6-CF542748356B}.Release|Any CPU.ActiveCfg = Release|Any CPU
		{9CEE880D-119B-4C7E-BDD6-CF542748356B}.Release|Any CPU.Build.0 = Release|Any CPU
		{9CEE880D-119B-4C7E-BDD6-CF542748356B}.Release|Mixed Platforms.ActiveCfg = Release|Any CPU
		{9CEE880D-119B-4C7E-BDD6-CF542748356B}.Release|Mixed Platforms.Build.0 = Release|Any CPU
		{9CEE880D-119B-4C7E-BDD6-CF542748356B}.Release|x86.ActiveCfg = Release|Any CPU
	EndGlobalSection
	GlobalSection(SolutionProperties) = preSolution
		HideSolutionNode = FALSE
	EndGlobalSection
	GlobalSection(NestedProjects) = preSolution
		{9CEE880D-119B-4C7E-BDD6-CF542748356B} = {A9332BDB-3BB1-478A-BDBC-E274A547874C}
		{E0E29000-7DF2-43E8-9894-6D99357456DF} = {D3DE618F-8FC0-4D6B-AB92-747DBE8E108E}
	EndGlobalSection
EndGlobal
